
Microsoft Visual Studio Solution File, Format Version 12.00
# Visual Studio Version 16
VisualStudioVersion = 16.0.31515.178
MinimumVisualStudioVersion = 10.0.40219.1
Project("{2150E333-8FDC-42A3-9474-1A3956D46DE8}") = "Presentation", "Presentation", "{C4F39B7A-3F20-4D0F-A2AA-A714B15E0A12}"
EndProject
Project("{2150E333-8FDC-42A3-9474-1A3956D46DE8}") = "Domain", "Domain", "{8C9663D5-1935-4875-9F99-8713650C0FB9}"
EndProject
Project("{2150E333-8FDC-42A3-9474-1A3956D46DE8}") = "Infra", "Infra", "{4B4459BD-BD70-4C73-B620-75739F3BC1BA}"
EndProject
Project("{2150E333-8FDC-42A3-9474-1A3956D46DE8}") = "Microservices", "Microservices", "{2B88ED77-077B-4588-A79F-4B0A6F577B3B}"
EndProject
Project("{2150E333-8FDC-42A3-9474-1A3956D46DE8}") = "Shared", "Shared", "{55FD167B-4F22-465E-BAA1-DF1595D75DE3}"
EndProject
Project("{2150E333-8FDC-42A3-9474-1A3956D46DE8}") = "IoC", "IoC", "{F35CCD92-0170-4FB8-AB4E-F4CE7B3F7658}"
EndProject
Project("{2150E333-8FDC-42A3-9474-1A3956D46DE8}") = "Bus", "Bus", "{2DC2DE8D-363A-448B-83D8-16C902C79B61}"
EndProject
Project("{2150E333-8FDC-42A3-9474-1A3956D46DE8}") = "DataProvider", "DataProvider", "{395750F5-153D-40F9-A7A6-360C2C7F04CA}"
EndProject
Project("{9A19103F-16F7-4668-BE54-9A1E7A4F7556}") = "RealTimeCharts.Infra.Bus", "RealTimeCharts.Infra.Bus\RealTimeCharts.Infra.Bus.csproj", "{93876D61-99A9-4F51-841A-369916D59097}"
EndProject
Project("{9A19103F-16F7-4668-BE54-9A1E7A4F7556}") = "RealTimeCharts.Shared", "RealTimeCharts.Shared\RealTimeCharts.Shared.csproj", "{C4B954F2-63F6-4210-893E-4525DC35497C}"
EndProject
Project("{9A19103F-16F7-4668-BE54-9A1E7A4F7556}") = "RealTimeCharts.Domain", "RealTimeCharts.Domain\RealTimeCharts.Domain.csproj", "{B2E4970E-53AD-4A76-B470-D5CB0B509B21}"
EndProject
Project("{9A19103F-16F7-4668-BE54-9A1E7A4F7556}") = "RealTimeCharts.Infra.IoC", "RealTimeCharts.Infra.IoC\RealTimeCharts.Infra.IoC.csproj", "{73B5B65E-26AE-49D2-BCB2-1A049CFBC7F5}"
EndProject
Project("{9A19103F-16F7-4668-BE54-9A1E7A4F7556}") = "RealTimeCharts.Microservices.DataProvider", "RealTimeCharts.Microservices.DataProvider\RealTimeCharts.Microservices.DataProvider.csproj", "{B7ED13A6-8707-4501-BBDC-DD44328A0959}"
EndProject
Project("{2150E333-8FDC-42A3-9474-1A3956D46DE8}") = "Api", "Api", "{A47C3289-BD71-4310-A003-F10C5D2787A5}"
EndProject
Project("{9A19103F-16F7-4668-BE54-9A1E7A4F7556}") = "RealTimeCharts.Presentation.Api", "RealTimeCharts.Presentation.Api\RealTimeCharts.Presentation.Api.csproj", "{6774D1C7-6A35-4EB9-977A-23758B9EAB34}"
EndProject
Project("{2150E333-8FDC-42A3-9474-1A3956D46DE8}") = "ClientDispatcher", "ClientDispatcher", "{FA3CA7E3-DBE9-478E-BE62-6F20C9985225}"
EndProject
Project("{2150E333-8FDC-42A3-9474-1A3956D46DE8}") = "Application", "Application", "{E2425204-695D-471E-889D-F10DB1420C99}"
EndProject
Project("{9A19103F-16F7-4668-BE54-9A1E7A4F7556}") = "RealTimeCharts.Application", "RealTimeCharts.Application\RealTimeCharts.Application.csproj", "{84989539-5499-4634-A99F-AF886F850F6F}"
EndProject
Project("{2150E333-8FDC-42A3-9474-1A3956D46DE8}") = "SignalR", "SignalR", "{4DDC7CC5-F080-4A95-BD63-C0C57B74B046}"
EndProject
Project("{FAE04EC0-301F-11D3-BF4B-00C04F79EFBC}") = "RealTimeCharts.Microservices.ClientDispatcher", "RealTimeCharts.Microservices.ClientDispatcher\RealTimeCharts.Microservices.ClientDispatcher.csproj", "{2E920493-2DD5-4CA1-ABE6-599DE7DB3B71}"
EndProject
Project("{FAE04EC0-301F-11D3-BF4B-00C04F79EFBC}") = "RealTimeCharts.Presentation.SignalR", "RealTimeCharts.Presentation.SignalR\RealTimeCharts.Presentation.SignalR.csproj", "{4EC43FB9-1FDF-45A2-8EF9-3E28BC3DF348}"
EndProject
Global
	GlobalSection(SolutionConfigurationPlatforms) = preSolution
		Debug|Any CPU = Debug|Any CPU
		Release|Any CPU = Release|Any CPU
	EndGlobalSection
	GlobalSection(ProjectConfigurationPlatforms) = postSolution
		{93876D61-99A9-4F51-841A-369916D59097}.Debug|Any CPU.ActiveCfg = Debug|Any CPU
		{93876D61-99A9-4F51-841A-369916D59097}.Debug|Any CPU.Build.0 = Debug|Any CPU
		{93876D61-99A9-4F51-841A-369916D59097}.Release|Any CPU.ActiveCfg = Release|Any CPU
		{93876D61-99A9-4F51-841A-369916D59097}.Release|Any CPU.Build.0 = Release|Any CPU
		{C4B954F2-63F6-4210-893E-4525DC35497C}.Debug|Any CPU.ActiveCfg = Debug|Any CPU
		{C4B954F2-63F6-4210-893E-4525DC35497C}.Debug|Any CPU.Build.0 = Debug|Any CPU
		{C4B954F2-63F6-4210-893E-4525DC35497C}.Release|Any CPU.ActiveCfg = Release|Any CPU
		{C4B954F2-63F6-4210-893E-4525DC35497C}.Release|Any CPU.Build.0 = Release|Any CPU
		{B2E4970E-53AD-4A76-B470-D5CB0B509B21}.Debug|Any CPU.ActiveCfg = Debug|Any CPU
		{B2E4970E-53AD-4A76-B470-D5CB0B509B21}.Debug|Any CPU.Build.0 = Debug|Any CPU
		{B2E4970E-53AD-4A76-B470-D5CB0B509B21}.Release|Any CPU.ActiveCfg = Release|Any CPU
		{B2E4970E-53AD-4A76-B470-D5CB0B509B21}.Release|Any CPU.Build.0 = Release|Any CPU
		{73B5B65E-26AE-49D2-BCB2-1A049CFBC7F5}.Debug|Any CPU.ActiveCfg = Debug|Any CPU
		{73B5B65E-26AE-49D2-BCB2-1A049CFBC7F5}.Debug|Any CPU.Build.0 = Debug|Any CPU
		{73B5B65E-26AE-49D2-BCB2-1A049CFBC7F5}.Release|Any CPU.ActiveCfg = Release|Any CPU
		{73B5B65E-26AE-49D2-BCB2-1A049CFBC7F5}.Release|Any CPU.Build.0 = Release|Any CPU
		{B7ED13A6-8707-4501-BBDC-DD44328A0959}.Debug|Any CPU.ActiveCfg = Debug|Any CPU
		{B7ED13A6-8707-4501-BBDC-DD44328A0959}.Debug|Any CPU.Build.0 = Debug|Any CPU
		{B7ED13A6-8707-4501-BBDC-DD44328A0959}.Release|Any CPU.ActiveCfg = Release|Any CPU
		{B7ED13A6-8707-4501-BBDC-DD44328A0959}.Release|Any CPU.Build.0 = Release|Any CPU
		{6774D1C7-6A35-4EB9-977A-23758B9EAB34}.Debug|Any CPU.ActiveCfg = Debug|Any CPU
		{6774D1C7-6A35-4EB9-977A-23758B9EAB34}.Debug|Any CPU.Build.0 = Debug|Any CPU
		{6774D1C7-6A35-4EB9-977A-23758B9EAB34}.Release|Any CPU.ActiveCfg = Release|Any CPU
		{6774D1C7-6A35-4EB9-977A-23758B9EAB34}.Release|Any CPU.Build.0 = Release|Any CPU
		{84989539-5499-4634-A99F-AF886F850F6F}.Debug|Any CPU.ActiveCfg = Debug|Any CPU
		{84989539-5499-4634-A99F-AF886F850F6F}.Debug|Any CPU.Build.0 = Debug|Any CPU
		{84989539-5499-4634-A99F-AF886F850F6F}.Release|Any CPU.ActiveCfg = Release|Any CPU
		{84989539-5499-4634-A99F-AF886F850F6F}.Release|Any CPU.Build.0 = Release|Any CPU
		{2E920493-2DD5-4CA1-ABE6-599DE7DB3B71}.Debug|Any CPU.ActiveCfg = Debug|Any CPU
		{2E920493-2DD5-4CA1-ABE6-599DE7DB3B71}.Debug|Any CPU.Build.0 = Debug|Any CPU
		{2E920493-2DD5-4CA1-ABE6-599DE7DB3B71}.Release|Any CPU.ActiveCfg = Release|Any CPU
		{2E920493-2DD5-4CA1-ABE6-599DE7DB3B71}.Release|Any CPU.Build.0 = Release|Any CPU
		{4EC43FB9-1FDF-45A2-8EF9-3E28BC3DF348}.Debug|Any CPU.ActiveCfg = Debug|Any CPU
		{4EC43FB9-1FDF-45A2-8EF9-3E28BC3DF348}.Debug|Any CPU.Build.0 = Debug|Any CPU
		{4EC43FB9-1FDF-45A2-8EF9-3E28BC3DF348}.Release|Any CPU.ActiveCfg = Release|Any CPU
		{4EC43FB9-1FDF-45A2-8EF9-3E28BC3DF348}.Release|Any CPU.Build.0 = Release|Any CPU
	EndGlobalSection
	GlobalSection(SolutionProperties) = preSolution
		HideSolutionNode = FALSE
	EndGlobalSection
	GlobalSection(NestedProjects) = preSolution
		{F35CCD92-0170-4FB8-AB4E-F4CE7B3F7658} = {4B4459BD-BD70-4C73-B620-75739F3BC1BA}
		{2DC2DE8D-363A-448B-83D8-16C902C79B61} = {4B4459BD-BD70-4C73-B620-75739F3BC1BA}
		{395750F5-153D-40F9-A7A6-360C2C7F04CA} = {2B88ED77-077B-4588-A79F-4B0A6F577B3B}
		{93876D61-99A9-4F51-841A-369916D59097} = {2DC2DE8D-363A-448B-83D8-16C902C79B61}
		{C4B954F2-63F6-4210-893E-4525DC35497C} = {55FD167B-4F22-465E-BAA1-DF1595D75DE3}
		{B2E4970E-53AD-4A76-B470-D5CB0B509B21} = {8C9663D5-1935-4875-9F99-8713650C0FB9}
		{73B5B65E-26AE-49D2-BCB2-1A049CFBC7F5} = {F35CCD92-0170-4FB8-AB4E-F4CE7B3F7658}
		{B7ED13A6-8707-4501-BBDC-DD44328A0959} = {395750F5-153D-40F9-A7A6-360C2C7F04CA}
		{A47C3289-BD71-4310-A003-F10C5D2787A5} = {C4F39B7A-3F20-4D0F-A2AA-A714B15E0A12}
		{6774D1C7-6A35-4EB9-977A-23758B9EAB34} = {A47C3289-BD71-4310-A003-F10C5D2787A5}
		{FA3CA7E3-DBE9-478E-BE62-6F20C9985225} = {2B88ED77-077B-4588-A79F-4B0A6F577B3B}
		{84989539-5499-4634-A99F-AF886F850F6F} = {E2425204-695D-471E-889D-F10DB1420C99}
		{4DDC7CC5-F080-4A95-BD63-C0C57B74B046} = {C4F39B7A-3F20-4D0F-A2AA-A714B15E0A12}
		{2E920493-2DD5-4CA1-ABE6-599DE7DB3B71} = {FA3CA7E3-DBE9-478E-BE62-6F20C9985225}
		{4EC43FB9-1FDF-45A2-8EF9-3E28BC3DF348} = {4DDC7CC5-F080-4A95-BD63-C0C57B74B046}
	EndGlobalSection
	GlobalSection(ExtensibilityGlobals) = postSolution
		SolutionGuid = {84AF3B9A-B4BF-441A-BCE2-1D7B1C0FECEA}
	EndGlobalSection
EndGlobal
